
Microsoft Visual Studio Solution File, Format Version 12.00
# Visual Studio 15
VisualStudioVersion = 15.0.26906.1
MinimumVisualStudioVersion = 10.0.40219.1
Project("{FAE04EC0-301F-11D3-BF4B-00C04F79EFBC}") = "Graph", "Graph\Graph.csproj", "{464EBA50-6A5E-4EB5-A3DC-B2CA7E2D56CC}"
EndProject
Global
	GlobalSection(SolutionConfigurationPlatforms) = preSolution
		Debug|Any CPU = Debug|Any CPU
		Release|Any CPU = Release|Any CPU
	EndGlobalSection
	GlobalSection(ProjectConfigurationPlatforms) = postSolution
		{464EBA50-6A5E-4EB5-A3DC-B2CA7E2D56CC}.Debug|Any CPU.ActiveCfg = Debug|Any CPU
		{464EBA50-6A5E-4EB5-A3DC-B2CA7E2D56CC}.Debug|Any CPU.Build.0 = Debug|Any CPU
		{464EBA50-6A5E-4EB5-A3DC-B2CA7E2D56CC}.Release|Any CPU.ActiveCfg = Release|Any CPU
		{464EBA50-6A5E-4EB5-A3DC-B2CA7E2D56CC}.Release|Any CPU.Build.0 = Release|Any CPU
	EndGlobalSection
	GlobalSection(SolutionProperties) = preSolution
		HideSolutionNode = FALSE
	EndGlobalSection
	GlobalSection(ExtensibilityGlobals) = postSolution
		SolutionGuid = {96D1CA79-01F6-4D23-B52F-C1BDE01FE375}
	EndGlobalSection
EndGlobal
